// !$*UTF8*$!
{
	archiveVersion = 1;
	classes = {
	};
	objectVersion = 51;
	objects = {

/* Begin PBXBuildFile section */
		8A2CF064B259C2876231C8B8 /* Pods_Pantomine.framework in Frameworks */ = {isa = PBXBuildFile; fileRef = 6E97BABA4EB975ED5680A38F /* Pods_Pantomine.framework */; };
		F4210C892899DDA0003EDA77 /* SelectCollegeOnboardingViewController.swift in Sources */ = {isa = PBXBuildFile; fileRef = F4210C882899DDA0003EDA77 /* SelectCollegeOnboardingViewController.swift */; };
		F434CAA0287610CD0072C5FA /* DefaultTabBarController.swift in Sources */ = {isa = PBXBuildFile; fileRef = F434CA9F287610CD0072C5FA /* DefaultTabBarController.swift */; };
		F43ACB7F26E40E1E00581146 /* DummyHomeCollectionReusableView.swift in Sources */ = {isa = PBXBuildFile; fileRef = F43ACB7D26E40E1D00581146 /* DummyHomeCollectionReusableView.swift */; };
		F43ACB8026E40E1E00581146 /* DummyHomeCollectionReusableView.xib in Resources */ = {isa = PBXBuildFile; fileRef = F43ACB7E26E40E1D00581146 /* DummyHomeCollectionReusableView.xib */; };
		F43E9EE027F913150019DE2C /* PostPhotoViewController.swift in Sources */ = {isa = PBXBuildFile; fileRef = F43E9EDF27F913150019DE2C /* PostPhotoViewController.swift */; };
		F44BC4AB282F04AD0056167B /* CollegeHomeViewController.swift in Sources */ = {isa = PBXBuildFile; fileRef = F44BC4AA282F04AD0056167B /* CollegeHomeViewController.swift */; };
		F44BC4AE2834714F0056167B /* CollegeCollectionReusableView.swift in Sources */ = {isa = PBXBuildFile; fileRef = F44BC4AC2834714F0056167B /* CollegeCollectionReusableView.swift */; };
		F44BC4AF2834714F0056167B /* CollegeCollectionReusableView.xib in Resources */ = {isa = PBXBuildFile; fileRef = F44BC4AD2834714F0056167B /* CollegeCollectionReusableView.xib */; };
		F45BA4A4263F4E27001E10B1 /* Event.swift in Sources */ = {isa = PBXBuildFile; fileRef = F45BA4A3263F4E27001E10B1 /* Event.swift */; };
		F45BA4AA263F59B7001E10B1 /* HeaderCollectionReusableView.swift in Sources */ = {isa = PBXBuildFile; fileRef = F45BA4A8263F59B7001E10B1 /* HeaderCollectionReusableView.swift */; };
		F45BA4AB263F59B7001E10B1 /* HeaderCollectionReusableView.xib in Resources */ = {isa = PBXBuildFile; fileRef = F45BA4A9263F59B7001E10B1 /* HeaderCollectionReusableView.xib */; };
		F45BA4B0263F66A2001E10B1 /* GoogleService-Info.plist in Resources */ = {isa = PBXBuildFile; fileRef = F45BA4AF263F66A2001E10B1 /* GoogleService-Info.plist */; };
		F4670B6227596B09005DEDCC /* SearchViewController.swift in Sources */ = {isa = PBXBuildFile; fileRef = F4670B6127596B09005DEDCC /* SearchViewController.swift */; };
		F47D699F266821A20000DAD4 /* SelectPlaceViewController.swift in Sources */ = {isa = PBXBuildFile; fileRef = F47D699E266821A20000DAD4 /* SelectPlaceViewController.swift */; };
		F47D69A7266883AA0000DAD4 /* CreatePlaceViewController.swift in Sources */ = {isa = PBXBuildFile; fileRef = F47D69A6266883A90000DAD4 /* CreatePlaceViewController.swift */; };
		F4A4937C268CF57400438504 /* SelectedPlaceViewController.swift in Sources */ = {isa = PBXBuildFile; fileRef = F4A4937B268CF57400438504 /* SelectedPlaceViewController.swift */; };
		F4D38F7F263E948A00C2CBAC /* MapViewController.swift in Sources */ = {isa = PBXBuildFile; fileRef = F4D38F7E263E948A00C2CBAC /* MapViewController.swift */; };
		F4DDD676261EDEAB007BFF4F /* AppDelegate.swift in Sources */ = {isa = PBXBuildFile; fileRef = F4DDD675261EDEAB007BFF4F /* AppDelegate.swift */; };
		F4DDD678261EDEAB007BFF4F /* SceneDelegate.swift in Sources */ = {isa = PBXBuildFile; fileRef = F4DDD677261EDEAB007BFF4F /* SceneDelegate.swift */; };
		F4DDD67A261EDEAB007BFF4F /* ViewController.swift in Sources */ = {isa = PBXBuildFile; fileRef = F4DDD679261EDEAB007BFF4F /* ViewController.swift */; };
		F4DDD67D261EDEAB007BFF4F /* Main.storyboard in Resources */ = {isa = PBXBuildFile; fileRef = F4DDD67B261EDEAB007BFF4F /* Main.storyboard */; };
		F4DDD680261EDEAB007BFF4F /* Pantomine.xcdatamodeld in Sources */ = {isa = PBXBuildFile; fileRef = F4DDD67E261EDEAB007BFF4F /* Pantomine.xcdatamodeld */; };
		F4DDD682261EDEAD007BFF4F /* Assets.xcassets in Resources */ = {isa = PBXBuildFile; fileRef = F4DDD681261EDEAD007BFF4F /* Assets.xcassets */; };
		F4DDD685261EDEAD007BFF4F /* LaunchScreen.storyboard in Resources */ = {isa = PBXBuildFile; fileRef = F4DDD683261EDEAD007BFF4F /* LaunchScreen.storyboard */; };
		F4DDD690261EDEAD007BFF4F /* PantomineTests.swift in Sources */ = {isa = PBXBuildFile; fileRef = F4DDD68F261EDEAD007BFF4F /* PantomineTests.swift */; };
		F4DDD69B261EDEAE007BFF4F /* PantomineUITests.swift in Sources */ = {isa = PBXBuildFile; fileRef = F4DDD69A261EDEAE007BFF4F /* PantomineUITests.swift */; };
		F4FAA2362650870B003FB614 /* HomeFilterCollectionViewCell.swift in Sources */ = {isa = PBXBuildFile; fileRef = F4FAA2342650870B003FB614 /* HomeFilterCollectionViewCell.swift */; };
		F4FAA2372650870B003FB614 /* HomeFilterCollectionViewCell.xib in Resources */ = {isa = PBXBuildFile; fileRef = F4FAA2352650870B003FB614 /* HomeFilterCollectionViewCell.xib */; };
/* End PBXBuildFile section */

/* Begin PBXContainerItemProxy section */
		F4DDD68C261EDEAD007BFF4F /* PBXContainerItemProxy */ = {
			isa = PBXContainerItemProxy;
			containerPortal = F4DDD66A261EDEAB007BFF4F /* Project object */;
			proxyType = 1;
			remoteGlobalIDString = F4DDD671261EDEAB007BFF4F;
			remoteInfo = Pantomine;
		};
		F4DDD697261EDEAE007BFF4F /* PBXContainerItemProxy */ = {
			isa = PBXContainerItemProxy;
			containerPortal = F4DDD66A261EDEAB007BFF4F /* Project object */;
			proxyType = 1;
			remoteGlobalIDString = F4DDD671261EDEAB007BFF4F;
			remoteInfo = Pantomine;
		};
/* End PBXContainerItemProxy section */

/* Begin PBXFileReference section */
		41F87E2DB5801F4424D6A2ED /* Pods-Pantomine.release.xcconfig */ = {isa = PBXFileReference; includeInIndex = 1; lastKnownFileType = text.xcconfig; name = "Pods-Pantomine.release.xcconfig"; path = "Target Support Files/Pods-Pantomine/Pods-Pantomine.release.xcconfig"; sourceTree = "<group>"; };
		64F37241985372FFE02B935C /* Pods-Pantomine.debug.xcconfig */ = {isa = PBXFileReference; includeInIndex = 1; lastKnownFileType = text.xcconfig; name = "Pods-Pantomine.debug.xcconfig"; path = "Target Support Files/Pods-Pantomine/Pods-Pantomine.debug.xcconfig"; sourceTree = "<group>"; };
		6E97BABA4EB975ED5680A38F /* Pods_Pantomine.framework */ = {isa = PBXFileReference; explicitFileType = wrapper.framework; includeInIndex = 0; path = Pods_Pantomine.framework; sourceTree = BUILT_PRODUCTS_DIR; };
		F4210C882899DDA0003EDA77 /* SelectCollegeOnboardingViewController.swift */ = {isa = PBXFileReference; lastKnownFileType = sourcecode.swift; path = SelectCollegeOnboardingViewController.swift; sourceTree = "<group>"; };
		F434CA9F287610CD0072C5FA /* DefaultTabBarController.swift */ = {isa = PBXFileReference; lastKnownFileType = sourcecode.swift; path = DefaultTabBarController.swift; sourceTree = "<group>"; };
		F43ACB7D26E40E1D00581146 /* DummyHomeCollectionReusableView.swift */ = {isa = PBXFileReference; lastKnownFileType = sourcecode.swift; path = DummyHomeCollectionReusableView.swift; sourceTree = "<group>"; };
		F43ACB7E26E40E1D00581146 /* DummyHomeCollectionReusableView.xib */ = {isa = PBXFileReference; lastKnownFileType = file.xib; path = DummyHomeCollectionReusableView.xib; sourceTree = "<group>"; };
		F43E9EDF27F913150019DE2C /* PostPhotoViewController.swift */ = {isa = PBXFileReference; lastKnownFileType = sourcecode.swift; path = PostPhotoViewController.swift; sourceTree = "<group>"; };
		F44BC4AA282F04AD0056167B /* CollegeHomeViewController.swift */ = {isa = PBXFileReference; lastKnownFileType = sourcecode.swift; path = CollegeHomeViewController.swift; sourceTree = "<group>"; };
		F44BC4AC2834714F0056167B /* CollegeCollectionReusableView.swift */ = {isa = PBXFileReference; lastKnownFileType = sourcecode.swift; path = CollegeCollectionReusableView.swift; sourceTree = "<group>"; };
		F44BC4AD2834714F0056167B /* CollegeCollectionReusableView.xib */ = {isa = PBXFileReference; lastKnownFileType = file.xib; path = CollegeCollectionReusableView.xib; sourceTree = "<group>"; };
		F45BA4A3263F4E27001E10B1 /* Event.swift */ = {isa = PBXFileReference; lastKnownFileType = sourcecode.swift; path = Event.swift; sourceTree = "<group>"; };
		F45BA4A8263F59B7001E10B1 /* HeaderCollectionReusableView.swift */ = {isa = PBXFileReference; lastKnownFileType = sourcecode.swift; path = HeaderCollectionReusableView.swift; sourceTree = "<group>"; };
		F45BA4A9263F59B7001E10B1 /* HeaderCollectionReusableView.xib */ = {isa = PBXFileReference; lastKnownFileType = file.xib; path = HeaderCollectionReusableView.xib; sourceTree = "<group>"; };
		F45BA4AF263F66A2001E10B1 /* GoogleService-Info.plist */ = {isa = PBXFileReference; fileEncoding = 4; lastKnownFileType = text.plist.xml; name = "GoogleService-Info.plist"; path = "../../../../Downloads/GoogleService-Info.plist"; sourceTree = "<group>"; };
		F4670B6127596B09005DEDCC /* SearchViewController.swift */ = {isa = PBXFileReference; lastKnownFileType = sourcecode.swift; path = SearchViewController.swift; sourceTree = "<group>"; };
		F47D699E266821A20000DAD4 /* SelectPlaceViewController.swift */ = {isa = PBXFileReference; lastKnownFileType = sourcecode.swift; path = SelectPlaceViewController.swift; sourceTree = "<group>"; };
		F47D69A6266883A90000DAD4 /* CreatePlaceViewController.swift */ = {isa = PBXFileReference; lastKnownFileType = sourcecode.swift; path = CreatePlaceViewController.swift; sourceTree = "<group>"; };
		F4A4937B268CF57400438504 /* SelectedPlaceViewController.swift */ = {isa = PBXFileReference; lastKnownFileType = sourcecode.swift; path = SelectedPlaceViewController.swift; sourceTree = "<group>"; };
		F4D38F7E263E948A00C2CBAC /* MapViewController.swift */ = {isa = PBXFileReference; lastKnownFileType = sourcecode.swift; path = MapViewController.swift; sourceTree = "<group>"; };
		F4DDD672261EDEAB007BFF4F /* Pantomine.app */ = {isa = PBXFileReference; explicitFileType = wrapper.application; includeInIndex = 0; path = Pantomine.app; sourceTree = BUILT_PRODUCTS_DIR; };
		F4DDD675261EDEAB007BFF4F /* AppDelegate.swift */ = {isa = PBXFileReference; lastKnownFileType = sourcecode.swift; path = AppDelegate.swift; sourceTree = "<group>"; };
		F4DDD677261EDEAB007BFF4F /* SceneDelegate.swift */ = {isa = PBXFileReference; lastKnownFileType = sourcecode.swift; path = SceneDelegate.swift; sourceTree = "<group>"; };
		F4DDD679261EDEAB007BFF4F /* ViewController.swift */ = {isa = PBXFileReference; lastKnownFileType = sourcecode.swift; path = ViewController.swift; sourceTree = "<group>"; };
		F4DDD67C261EDEAB007BFF4F /* Base */ = {isa = PBXFileReference; lastKnownFileType = file.storyboard; name = Base; path = Base.lproj/Main.storyboard; sourceTree = "<group>"; };
		F4DDD67F261EDEAB007BFF4F /* Pantomine.xcdatamodel */ = {isa = PBXFileReference; lastKnownFileType = wrapper.xcdatamodel; path = Pantomine.xcdatamodel; sourceTree = "<group>"; };
		F4DDD681261EDEAD007BFF4F /* Assets.xcassets */ = {isa = PBXFileReference; lastKnownFileType = folder.assetcatalog; path = Assets.xcassets; sourceTree = "<group>"; };
		F4DDD684261EDEAD007BFF4F /* Base */ = {isa = PBXFileReference; lastKnownFileType = file.storyboard; name = Base; path = Base.lproj/LaunchScreen.storyboard; sourceTree = "<group>"; };
		F4DDD686261EDEAD007BFF4F /* Info.plist */ = {isa = PBXFileReference; lastKnownFileType = text.plist.xml; path = Info.plist; sourceTree = "<group>"; };
		F4DDD68B261EDEAD007BFF4F /* PantomineTests.xctest */ = {isa = PBXFileReference; explicitFileType = wrapper.cfbundle; includeInIndex = 0; path = PantomineTests.xctest; sourceTree = BUILT_PRODUCTS_DIR; };
		F4DDD68F261EDEAD007BFF4F /* PantomineTests.swift */ = {isa = PBXFileReference; lastKnownFileType = sourcecode.swift; path = PantomineTests.swift; sourceTree = "<group>"; };
		F4DDD691261EDEAD007BFF4F /* Info.plist */ = {isa = PBXFileReference; lastKnownFileType = text.plist.xml; path = Info.plist; sourceTree = "<group>"; };
		F4DDD696261EDEAE007BFF4F /* PantomineUITests.xctest */ = {isa = PBXFileReference; explicitFileType = wrapper.cfbundle; includeInIndex = 0; path = PantomineUITests.xctest; sourceTree = BUILT_PRODUCTS_DIR; };
		F4DDD69A261EDEAE007BFF4F /* PantomineUITests.swift */ = {isa = PBXFileReference; lastKnownFileType = sourcecode.swift; path = PantomineUITests.swift; sourceTree = "<group>"; };
		F4DDD69C261EDEAE007BFF4F /* Info.plist */ = {isa = PBXFileReference; lastKnownFileType = text.plist.xml; path = Info.plist; sourceTree = "<group>"; };
		F4FAA2342650870B003FB614 /* HomeFilterCollectionViewCell.swift */ = {isa = PBXFileReference; lastKnownFileType = sourcecode.swift; path = HomeFilterCollectionViewCell.swift; sourceTree = "<group>"; };
		F4FAA2352650870B003FB614 /* HomeFilterCollectionViewCell.xib */ = {isa = PBXFileReference; lastKnownFileType = file.xib; path = HomeFilterCollectionViewCell.xib; sourceTree = "<group>"; };
/* End PBXFileReference section */

/* Begin PBXFrameworksBuildPhase section */
		F4DDD66F261EDEAB007BFF4F /* Frameworks */ = {
			isa = PBXFrameworksBuildPhase;
			buildActionMask = 2147483647;
			files = (
				8A2CF064B259C2876231C8B8 /* Pods_Pantomine.framework in Frameworks */,
			);
			runOnlyForDeploymentPostprocessing = 0;
		};
		F4DDD688261EDEAD007BFF4F /* Frameworks */ = {
			isa = PBXFrameworksBuildPhase;
			buildActionMask = 2147483647;
			files = (
			);
			runOnlyForDeploymentPostprocessing = 0;
		};
		F4DDD693261EDEAE007BFF4F /* Frameworks */ = {
			isa = PBXFrameworksBuildPhase;
			buildActionMask = 2147483647;
			files = (
			);
			runOnlyForDeploymentPostprocessing = 0;
		};
/* End PBXFrameworksBuildPhase section */

/* Begin PBXGroup section */
		3DE11143E39D505347FC4286 /* Pods */ = {
			isa = PBXGroup;
			children = (
				64F37241985372FFE02B935C /* Pods-Pantomine.debug.xcconfig */,
				41F87E2DB5801F4424D6A2ED /* Pods-Pantomine.release.xcconfig */,
			);
			path = Pods;
			sourceTree = "<group>";
		};
		84E3D8C1A5B4FD7D91F8CBEE /* Frameworks */ = {
			isa = PBXGroup;
			children = (
				6E97BABA4EB975ED5680A38F /* Pods_Pantomine.framework */,
			);
			name = Frameworks;
			sourceTree = "<group>";
		};
		F4210C872899A050003EDA77 /* collegeOnboard */ = {
			isa = PBXGroup;
			children = (
				F4210C882899DDA0003EDA77 /* SelectCollegeOnboardingViewController.swift */,
			);
			path = collegeOnboard;
			sourceTree = "<group>";
		};
		F4DDD669261EDEAB007BFF4F = {
			isa = PBXGroup;
			children = (
				F45BA4A3263F4E27001E10B1 /* Event.swift */,
				F4DDD674261EDEAB007BFF4F /* Pantomine */,
				F4DDD68E261EDEAD007BFF4F /* PantomineTests */,
				F4DDD699261EDEAE007BFF4F /* PantomineUITests */,
				F4DDD673261EDEAB007BFF4F /* Products */,
				3DE11143E39D505347FC4286 /* Pods */,
				84E3D8C1A5B4FD7D91F8CBEE /* Frameworks */,
			);
			sourceTree = "<group>";
		};
		F4DDD673261EDEAB007BFF4F /* Products */ = {
			isa = PBXGroup;
			children = (
				F4DDD672261EDEAB007BFF4F /* Pantomine.app */,
				F4DDD68B261EDEAD007BFF4F /* PantomineTests.xctest */,
				F4DDD696261EDEAE007BFF4F /* PantomineUITests.xctest */,
			);
			name = Products;
			sourceTree = "<group>";
		};
		F4DDD674261EDEAB007BFF4F /* Pantomine */ = {
			isa = PBXGroup;
			children = (
				F4210C872899A050003EDA77 /* collegeOnboard */,
				F4DDD675261EDEAB007BFF4F /* AppDelegate.swift */,
				F4DDD677261EDEAB007BFF4F /* SceneDelegate.swift */,
				F434CA9F287610CD0072C5FA /* DefaultTabBarController.swift */,
				F4DDD679261EDEAB007BFF4F /* ViewController.swift */,
				F44BC4AA282F04AD0056167B /* CollegeHomeViewController.swift */,
				F4D38F7E263E948A00C2CBAC /* MapViewController.swift */,
				F47D699E266821A20000DAD4 /* SelectPlaceViewController.swift */,
				F47D69A6266883A90000DAD4 /* CreatePlaceViewController.swift */,
				F4670B6127596B09005DEDCC /* SearchViewController.swift */,
				F43E9EDF27F913150019DE2C /* PostPhotoViewController.swift */,
				F4DDD67B261EDEAB007BFF4F /* Main.storyboard */,
				F4A4937B268CF57400438504 /* SelectedPlaceViewController.swift */,
				F4DDD681261EDEAD007BFF4F /* Assets.xcassets */,
				F4DDD683261EDEAD007BFF4F /* LaunchScreen.storyboard */,
				F4DDD686261EDEAD007BFF4F /* Info.plist */,
				F4DDD67E261EDEAB007BFF4F /* Pantomine.xcdatamodeld */,
				F45BA4A8263F59B7001E10B1 /* HeaderCollectionReusableView.swift */,
				F4FAA2342650870B003FB614 /* HomeFilterCollectionViewCell.swift */,
				F4FAA2352650870B003FB614 /* HomeFilterCollectionViewCell.xib */,
				F43ACB7D26E40E1D00581146 /* DummyHomeCollectionReusableView.swift */,
				F43ACB7E26E40E1D00581146 /* DummyHomeCollectionReusableView.xib */,
				F45BA4A9263F59B7001E10B1 /* HeaderCollectionReusableView.xib */,
				F44BC4AC2834714F0056167B /* CollegeCollectionReusableView.swift */,
				F44BC4AD2834714F0056167B /* CollegeCollectionReusableView.xib */,
				F45BA4AF263F66A2001E10B1 /* GoogleService-Info.plist */,
			);
			path = Pantomine;
			sourceTree = "<group>";
		};
		F4DDD68E261EDEAD007BFF4F /* PantomineTests */ = {
			isa = PBXGroup;
			children = (
				F4DDD68F261EDEAD007BFF4F /* PantomineTests.swift */,
				F4DDD691261EDEAD007BFF4F /* Info.plist */,
			);
			path = PantomineTests;
			sourceTree = "<group>";
		};
		F4DDD699261EDEAE007BFF4F /* PantomineUITests */ = {
			isa = PBXGroup;
			children = (
				F4DDD69A261EDEAE007BFF4F /* PantomineUITests.swift */,
				F4DDD69C261EDEAE007BFF4F /* Info.plist */,
			);
			path = PantomineUITests;
			sourceTree = "<group>";
		};
/* End PBXGroup section */

/* Begin PBXNativeTarget section */
		F4DDD671261EDEAB007BFF4F /* Pantomine */ = {
			isa = PBXNativeTarget;
			buildConfigurationList = F4DDD69F261EDEAE007BFF4F /* Build configuration list for PBXNativeTarget "Pantomine" */;
			buildPhases = (
				E304F470E5961B28856CC98D /* [CP] Check Pods Manifest.lock */,
				F4DDD66E261EDEAB007BFF4F /* Sources */,
				F4DDD66F261EDEAB007BFF4F /* Frameworks */,
				F4DDD670261EDEAB007BFF4F /* Resources */,
				DBE699EBAB6E2F509146A91D /* [CP] Embed Pods Frameworks */,
			);
			buildRules = (
			);
			dependencies = (
			);
			name = Pantomine;
			productName = Pantomine;
			productReference = F4DDD672261EDEAB007BFF4F /* Pantomine.app */;
			productType = "com.apple.product-type.application";
		};
		F4DDD68A261EDEAD007BFF4F /* PantomineTests */ = {
			isa = PBXNativeTarget;
			buildConfigurationList = F4DDD6A2261EDEAE007BFF4F /* Build configuration list for PBXNativeTarget "PantomineTests" */;
			buildPhases = (
				F4DDD687261EDEAD007BFF4F /* Sources */,
				F4DDD688261EDEAD007BFF4F /* Frameworks */,
				F4DDD689261EDEAD007BFF4F /* Resources */,
			);
			buildRules = (
			);
			dependencies = (
				F4DDD68D261EDEAD007BFF4F /* PBXTargetDependency */,
			);
			name = PantomineTests;
			productName = PantomineTests;
			productReference = F4DDD68B261EDEAD007BFF4F /* PantomineTests.xctest */;
			productType = "com.apple.product-type.bundle.unit-test";
		};
		F4DDD695261EDEAE007BFF4F /* PantomineUITests */ = {
			isa = PBXNativeTarget;
			buildConfigurationList = F4DDD6A5261EDEAE007BFF4F /* Build configuration list for PBXNativeTarget "PantomineUITests" */;
			buildPhases = (
				F4DDD692261EDEAE007BFF4F /* Sources */,
				F4DDD693261EDEAE007BFF4F /* Frameworks */,
				F4DDD694261EDEAE007BFF4F /* Resources */,
			);
			buildRules = (
			);
			dependencies = (
				F4DDD698261EDEAE007BFF4F /* PBXTargetDependency */,
			);
			name = PantomineUITests;
			productName = PantomineUITests;
			productReference = F4DDD696261EDEAE007BFF4F /* PantomineUITests.xctest */;
			productType = "com.apple.product-type.bundle.ui-testing";
		};
/* End PBXNativeTarget section */

/* Begin PBXProject section */
		F4DDD66A261EDEAB007BFF4F /* Project object */ = {
			isa = PBXProject;
			attributes = {
				LastSwiftUpdateCheck = 1220;
				LastUpgradeCheck = 1220;
				TargetAttributes = {
					F4DDD671261EDEAB007BFF4F = {
						CreatedOnToolsVersion = 12.2;
					};
					F4DDD68A261EDEAD007BFF4F = {
						CreatedOnToolsVersion = 12.2;
						TestTargetID = F4DDD671261EDEAB007BFF4F;
					};
					F4DDD695261EDEAE007BFF4F = {
						CreatedOnToolsVersion = 12.2;
						TestTargetID = F4DDD671261EDEAB007BFF4F;
					};
				};
			};
			buildConfigurationList = F4DDD66D261EDEAB007BFF4F /* Build configuration list for PBXProject "Pantomine" */;
			compatibilityVersion = "Xcode 9.3";
			developmentRegion = en;
			hasScannedForEncodings = 0;
			knownRegions = (
				en,
				Base,
			);
			mainGroup = F4DDD669261EDEAB007BFF4F;
			productRefGroup = F4DDD673261EDEAB007BFF4F /* Products */;
			projectDirPath = "";
			projectRoot = "";
			targets = (
				F4DDD671261EDEAB007BFF4F /* Pantomine */,
				F4DDD68A261EDEAD007BFF4F /* PantomineTests */,
				F4DDD695261EDEAE007BFF4F /* PantomineUITests */,
			);
		};
/* End PBXProject section */

/* Begin PBXResourcesBuildPhase section */
		F4DDD670261EDEAB007BFF4F /* Resources */ = {
			isa = PBXResourcesBuildPhase;
			buildActionMask = 2147483647;
			files = (
				F4FAA2372650870B003FB614 /* HomeFilterCollectionViewCell.xib in Resources */,
				F45BA4AB263F59B7001E10B1 /* HeaderCollectionReusableView.xib in Resources */,
				F4DDD685261EDEAD007BFF4F /* LaunchScreen.storyboard in Resources */,
				F43ACB8026E40E1E00581146 /* DummyHomeCollectionReusableView.xib in Resources */,
				F45BA4B0263F66A2001E10B1 /* GoogleService-Info.plist in Resources */,
				F44BC4AF2834714F0056167B /* CollegeCollectionReusableView.xib in Resources */,
				F4DDD682261EDEAD007BFF4F /* Assets.xcassets in Resources */,
				F4DDD67D261EDEAB007BFF4F /* Main.storyboard in Resources */,
			);
			runOnlyForDeploymentPostprocessing = 0;
		};
		F4DDD689261EDEAD007BFF4F /* Resources */ = {
			isa = PBXResourcesBuildPhase;
			buildActionMask = 2147483647;
			files = (
			);
			runOnlyForDeploymentPostprocessing = 0;
		};
		F4DDD694261EDEAE007BFF4F /* Resources */ = {
			isa = PBXResourcesBuildPhase;
			buildActionMask = 2147483647;
			files = (
			);
			runOnlyForDeploymentPostprocessing = 0;
		};
/* End PBXResourcesBuildPhase section */

/* Begin PBXShellScriptBuildPhase section */
		DBE699EBAB6E2F509146A91D /* [CP] Embed Pods Frameworks */ = {
			isa = PBXShellScriptBuildPhase;
			buildActionMask = 2147483647;
			files = (
			);
			inputFileListPaths = (
				"${PODS_ROOT}/Target Support Files/Pods-Pantomine/Pods-Pantomine-frameworks-${CONFIGURATION}-input-files.xcfilelist",
			);
			name = "[CP] Embed Pods Frameworks";
			outputFileListPaths = (
				"${PODS_ROOT}/Target Support Files/Pods-Pantomine/Pods-Pantomine-frameworks-${CONFIGURATION}-output-files.xcfilelist",
			);
			runOnlyForDeploymentPostprocessing = 0;
			shellPath = /bin/sh;
			shellScript = "\"${PODS_ROOT}/Target Support Files/Pods-Pantomine/Pods-Pantomine-frameworks.sh\"\n";
			showEnvVarsInLog = 0;
		};
		E304F470E5961B28856CC98D /* [CP] Check Pods Manifest.lock */ = {
			isa = PBXShellScriptBuildPhase;
			buildActionMask = 2147483647;
			files = (
			);
			inputFileListPaths = (
			);
			inputPaths = (
				"${PODS_PODFILE_DIR_PATH}/Podfile.lock",
				"${PODS_ROOT}/Manifest.lock",
			);
			name = "[CP] Check Pods Manifest.lock";
			outputFileListPaths = (
			);
			outputPaths = (
				"$(DERIVED_FILE_DIR)/Pods-Pantomine-checkManifestLockResult.txt",
			);
			runOnlyForDeploymentPostprocessing = 0;
			shellPath = /bin/sh;
			shellScript = "diff \"${PODS_PODFILE_DIR_PATH}/Podfile.lock\" \"${PODS_ROOT}/Manifest.lock\" > /dev/null\nif [ $? != 0 ] ; then\n    # print error to STDERR\n    echo \"error: The sandbox is not in sync with the Podfile.lock. Run 'pod install' or update your CocoaPods installation.\" >&2\n    exit 1\nfi\n# This output is used by Xcode 'outputs' to avoid re-running this script phase.\necho \"SUCCESS\" > \"${SCRIPT_OUTPUT_FILE_0}\"\n";
			showEnvVarsInLog = 0;
		};
/* End PBXShellScriptBuildPhase section */

/* Begin PBXSourcesBuildPhase section */
		F4DDD66E261EDEAB007BFF4F /* Sources */ = {
			isa = PBXSourcesBuildPhase;
			buildActionMask = 2147483647;
			files = (
				F45BA4AA263F59B7001E10B1 /* HeaderCollectionReusableView.swift in Sources */,
				F4DDD67A261EDEAB007BFF4F /* ViewController.swift in Sources */,
				F4DDD680261EDEAB007BFF4F /* Pantomine.xcdatamodeld in Sources */,
				F4210C892899DDA0003EDA77 /* SelectCollegeOnboardingViewController.swift in Sources */,
				F43ACB7F26E40E1E00581146 /* DummyHomeCollectionReusableView.swift in Sources */,
				F434CAA0287610CD0072C5FA /* DefaultTabBarController.swift in Sources */,
				F4DDD676261EDEAB007BFF4F /* AppDelegate.swift in Sources */,
				F43E9EE027F913150019DE2C /* PostPhotoViewController.swift in Sources */,
				F47D69A7266883AA0000DAD4 /* CreatePlaceViewController.swift in Sources */,
				F4D38F7F263E948A00C2CBAC /* MapViewController.swift in Sources */,
				F4A4937C268CF57400438504 /* SelectedPlaceViewController.swift in Sources */,
				F44BC4AB282F04AD0056167B /* CollegeHomeViewController.swift in Sources */,
				F4670B6227596B09005DEDCC /* SearchViewController.swift in Sources */,
				F44BC4AE2834714F0056167B /* CollegeCollectionReusableView.swift in Sources */,
				F45BA4A4263F4E27001E10B1 /* Event.swift in Sources */,
				F4DDD678261EDEAB007BFF4F /* SceneDelegate.swift in Sources */,
				F47D699F266821A20000DAD4 /* SelectPlaceViewController.swift in Sources */,
				F4FAA2362650870B003FB614 /* HomeFilterCollectionViewCell.swift in Sources */,
			);
			runOnlyForDeploymentPostprocessing = 0;
		};
		F4DDD687261EDEAD007BFF4F /* Sources */ = {
			isa = PBXSourcesBuildPhase;
			buildActionMask = 2147483647;
			files = (
				F4DDD690261EDEAD007BFF4F /* PantomineTests.swift in Sources */,
			);
			runOnlyForDeploymentPostprocessing = 0;
		};
		F4DDD692261EDEAE007BFF4F /* Sources */ = {
			isa = PBXSourcesBuildPhase;
			buildActionMask = 2147483647;
			files = (
				F4DDD69B261EDEAE007BFF4F /* PantomineUITests.swift in Sources */,
			);
			runOnlyForDeploymentPostprocessing = 0;
		};
/* End PBXSourcesBuildPhase section */

/* Begin PBXTargetDependency section */
		F4DDD68D261EDEAD007BFF4F /* PBXTargetDependency */ = {
			isa = PBXTargetDependency;
			target = F4DDD671261EDEAB007BFF4F /* Pantomine */;
			targetProxy = F4DDD68C261EDEAD007BFF4F /* PBXContainerItemProxy */;
		};
		F4DDD698261EDEAE007BFF4F /* PBXTargetDependency */ = {
			isa = PBXTargetDependency;
			target = F4DDD671261EDEAB007BFF4F /* Pantomine */;
			targetProxy = F4DDD697261EDEAE007BFF4F /* PBXContainerItemProxy */;
		};
/* End PBXTargetDependency section */

/* Begin PBXVariantGroup section */
		F4DDD67B261EDEAB007BFF4F /* Main.storyboard */ = {
			isa = PBXVariantGroup;
			children = (
				F4DDD67C261EDEAB007BFF4F /* Base */,
			);
			name = Main.storyboard;
			sourceTree = "<group>";
		};
		F4DDD683261EDEAD007BFF4F /* LaunchScreen.storyboard */ = {
			isa = PBXVariantGroup;
			children = (
				F4DDD684261EDEAD007BFF4F /* Base */,
			);
			name = LaunchScreen.storyboard;
			sourceTree = "<group>";
		};
/* End PBXVariantGroup section */

/* Begin XCBuildConfiguration section */
		F4DDD69D261EDEAE007BFF4F /* Debug */ = {
			isa = XCBuildConfiguration;
			buildSettings = {
				ALWAYS_SEARCH_USER_PATHS = NO;
				CLANG_ANALYZER_NONNULL = YES;
				CLANG_ANALYZER_NUMBER_OBJECT_CONVERSION = YES_AGGRESSIVE;
				CLANG_CXX_LANGUAGE_STANDARD = "gnu++14";
				CLANG_CXX_LIBRARY = "libc++";
				CLANG_ENABLE_MODULES = YES;
				CLANG_ENABLE_OBJC_ARC = YES;
				CLANG_ENABLE_OBJC_WEAK = YES;
				CLANG_WARN_BLOCK_CAPTURE_AUTORELEASING = YES;
				CLANG_WARN_BOOL_CONVERSION = YES;
				CLANG_WARN_COMMA = YES;
				CLANG_WARN_CONSTANT_CONVERSION = YES;
				CLANG_WARN_DEPRECATED_OBJC_IMPLEMENTATIONS = YES;
				CLANG_WARN_DIRECT_OBJC_ISA_USAGE = YES_ERROR;
				CLANG_WARN_DOCUMENTATION_COMMENTS = YES;
				CLANG_WARN_EMPTY_BODY = YES;
				CLANG_WARN_ENUM_CONVERSION = YES;
				CLANG_WARN_INFINITE_RECURSION = YES;
				CLANG_WARN_INT_CONVERSION = YES;
				CLANG_WARN_NON_LITERAL_NULL_CONVERSION = YES;
				CLANG_WARN_OBJC_IMPLICIT_RETAIN_SELF = YES;
				CLANG_WARN_OBJC_LITERAL_CONVERSION = YES;
				CLANG_WARN_OBJC_ROOT_CLASS = YES_ERROR;
				CLANG_WARN_QUOTED_INCLUDE_IN_FRAMEWORK_HEADER = YES;
				CLANG_WARN_RANGE_LOOP_ANALYSIS = YES;
				CLANG_WARN_STRICT_PROTOTYPES = YES;
				CLANG_WARN_SUSPICIOUS_MOVE = YES;
				CLANG_WARN_UNGUARDED_AVAILABILITY = YES_AGGRESSIVE;
				CLANG_WARN_UNREACHABLE_CODE = YES;
				CLANG_WARN__DUPLICATE_METHOD_MATCH = YES;
				COPY_PHASE_STRIP = NO;
				DEBUG_INFORMATION_FORMAT = dwarf;
				ENABLE_STRICT_OBJC_MSGSEND = YES;
				ENABLE_TESTABILITY = YES;
				GCC_C_LANGUAGE_STANDARD = gnu11;
				GCC_DYNAMIC_NO_PIC = NO;
				GCC_NO_COMMON_BLOCKS = YES;
				GCC_OPTIMIZATION_LEVEL = 0;
				GCC_PREPROCESSOR_DEFINITIONS = (
					"DEBUG=1",
					"$(inherited)",
				);
				GCC_WARN_64_TO_32_BIT_CONVERSION = YES;
				GCC_WARN_ABOUT_RETURN_TYPE = YES_ERROR;
				GCC_WARN_UNDECLARED_SELECTOR = YES;
				GCC_WARN_UNINITIALIZED_AUTOS = YES_AGGRESSIVE;
				GCC_WARN_UNUSED_FUNCTION = YES;
				GCC_WARN_UNUSED_VARIABLE = YES;
				IPHONEOS_DEPLOYMENT_TARGET = 13.0;
				MTL_ENABLE_DEBUG_INFO = INCLUDE_SOURCE;
				MTL_FAST_MATH = YES;
				ONLY_ACTIVE_ARCH = YES;
				SDKROOT = iphoneos;
				SWIFT_ACTIVE_COMPILATION_CONDITIONS = DEBUG;
				SWIFT_OPTIMIZATION_LEVEL = "-Onone";
			};
			name = Debug;
		};
		F4DDD69E261EDEAE007BFF4F /* Release */ = {
			isa = XCBuildConfiguration;
			buildSettings = {
				ALWAYS_SEARCH_USER_PATHS = NO;
				CLANG_ANALYZER_NONNULL = YES;
				CLANG_ANALYZER_NUMBER_OBJECT_CONVERSION = YES_AGGRESSIVE;
				CLANG_CXX_LANGUAGE_STANDARD = "gnu++14";
				CLANG_CXX_LIBRARY = "libc++";
				CLANG_ENABLE_MODULES = YES;
				CLANG_ENABLE_OBJC_ARC = YES;
				CLANG_ENABLE_OBJC_WEAK = YES;
				CLANG_WARN_BLOCK_CAPTURE_AUTORELEASING = YES;
				CLANG_WARN_BOOL_CONVERSION = YES;
				CLANG_WARN_COMMA = YES;
				CLANG_WARN_CONSTANT_CONVERSION = YES;
				CLANG_WARN_DEPRECATED_OBJC_IMPLEMENTATIONS = YES;
				CLANG_WARN_DIRECT_OBJC_ISA_USAGE = YES_ERROR;
				CLANG_WARN_DOCUMENTATION_COMMENTS = YES;
				CLANG_WARN_EMPTY_BODY = YES;
				CLANG_WARN_ENUM_CONVERSION = YES;
				CLANG_WARN_INFINITE_RECURSION = YES;
				CLANG_WARN_INT_CONVERSION = YES;
				CLANG_WARN_NON_LITERAL_NULL_CONVERSION = YES;
				CLANG_WARN_OBJC_IMPLICIT_RETAIN_SELF = YES;
				CLANG_WARN_OBJC_LITERAL_CONVERSION = YES;
				CLANG_WARN_OBJC_ROOT_CLASS = YES_ERROR;
				CLANG_WARN_QUOTED_INCLUDE_IN_FRAMEWORK_HEADER = YES;
				CLANG_WARN_RANGE_LOOP_ANALYSIS = YES;
				CLANG_WARN_STRICT_PROTOTYPES = YES;
				CLANG_WARN_SUSPICIOUS_MOVE = YES;
				CLANG_WARN_UNGUARDED_AVAILABILITY = YES_AGGRESSIVE;
				CLANG_WARN_UNREACHABLE_CODE = YES;
				CLANG_WARN__DUPLICATE_METHOD_MATCH = YES;
				COPY_PHASE_STRIP = NO;
				DEBUG_INFORMATION_FORMAT = "dwarf-with-dsym";
				ENABLE_NS_ASSERTIONS = NO;
				ENABLE_STRICT_OBJC_MSGSEND = YES;
				GCC_C_LANGUAGE_STANDARD = gnu11;
				GCC_NO_COMMON_BLOCKS = YES;
				GCC_WARN_64_TO_32_BIT_CONVERSION = YES;
				GCC_WARN_ABOUT_RETURN_TYPE = YES_ERROR;
				GCC_WARN_UNDECLARED_SELECTOR = YES;
				GCC_WARN_UNINITIALIZED_AUTOS = YES_AGGRESSIVE;
				GCC_WARN_UNUSED_FUNCTION = YES;
				GCC_WARN_UNUSED_VARIABLE = YES;
				IPHONEOS_DEPLOYMENT_TARGET = 13.0;
				MTL_ENABLE_DEBUG_INFO = NO;
				MTL_FAST_MATH = YES;
				SDKROOT = iphoneos;
				SWIFT_COMPILATION_MODE = wholemodule;
				SWIFT_OPTIMIZATION_LEVEL = "-O";
				VALIDATE_PRODUCT = YES;
			};
			name = Release;
		};
		F4DDD6A0261EDEAE007BFF4F /* Debug */ = {
			isa = XCBuildConfiguration;
			baseConfigurationReference = 64F37241985372FFE02B935C /* Pods-Pantomine.debug.xcconfig */;
			buildSettings = {
				ASSETCATALOG_COMPILER_APPICON_NAME = AppIcon;
				ASSETCATALOG_COMPILER_GLOBAL_ACCENT_COLOR_NAME = AccentColor;
				CODE_SIGN_STYLE = Automatic;
				CURRENT_PROJECT_VERSION = 10;
				DEVELOPMENT_TEAM = 8WY239C4VN;
				INFOPLIST_FILE = Pantomine/Info.plist;
				IPHONEOS_DEPLOYMENT_TARGET = 13.0;
				LD_RUNPATH_SEARCH_PATHS = (
					"$(inherited)",
					"@executable_path/Frameworks",
				);
				PRODUCT_BUNDLE_IDENTIFIER = berlark.Pantomine;
				PRODUCT_NAME = "$(TARGET_NAME)";
				SWIFT_VERSION = 5.0;
				TARGETED_DEVICE_FAMILY = "1,2";
			};
			name = Debug;
		};
		F4DDD6A1261EDEAE007BFF4F /* Release */ = {
			isa = XCBuildConfiguration;
			baseConfigurationReference = 41F87E2DB5801F4424D6A2ED /* Pods-Pantomine.release.xcconfig */;
			buildSettings = {
				ASSETCATALOG_COMPILER_APPICON_NAME = AppIcon;
				ASSETCATALOG_COMPILER_GLOBAL_ACCENT_COLOR_NAME = AccentColor;
				CODE_SIGN_STYLE = Automatic;
				CURRENT_PROJECT_VERSION = 10;
				DEVELOPMENT_TEAM = 8WY239C4VN;
				INFOPLIST_FILE = Pantomine/Info.plist;
				IPHONEOS_DEPLOYMENT_TARGET = 13.0;
				LD_RUNPATH_SEARCH_PATHS = (
					"$(inherited)",
					"@executable_path/Frameworks",
				);
				PRODUCT_BUNDLE_IDENTIFIER = berlark.Pantomine;
				PRODUCT_NAME = "$(TARGET_NAME)";
				SWIFT_VERSION = 5.0;
				TARGETED_DEVICE_FAMILY = "1,2";
			};
			name = Release;
		};
		F4DDD6A3261EDEAE007BFF4F /* Debug */ = {
			isa = XCBuildConfiguration;
			buildSettings = {
				ALWAYS_EMBED_SWIFT_STANDARD_LIBRARIES = YES;
				BUNDLE_LOADER = "$(TEST_HOST)";
				CODE_SIGN_STYLE = Automatic;
				DEVELOPMENT_TEAM = 8WY239C4VN;
				INFOPLIST_FILE = PantomineTests/Info.plist;
				IPHONEOS_DEPLOYMENT_TARGET = 14.2;
				LD_RUNPATH_SEARCH_PATHS = (
					"$(inherited)",
					"@executable_path/Frameworks",
					"@loader_path/Frameworks",
				);
				PRODUCT_BUNDLE_IDENTIFIER = berlark.PantomineTests;
				PRODUCT_NAME = "$(TARGET_NAME)";
				SWIFT_VERSION = 5.0;
				TARGETED_DEVICE_FAMILY = "1,2";
				TEST_HOST = "$(BUILT_PRODUCTS_DIR)/Pantomine.app/Pantomine";
			};
			name = Debug;
		};
		F4DDD6A4261EDEAE007BFF4F /* Release */ = {
			isa = XCBuildConfiguration;
			buildSettings = {
				ALWAYS_EMBED_SWIFT_STANDARD_LIBRARIES = YES;
				BUNDLE_LOADER = "$(TEST_HOST)";
				CODE_SIGN_STYLE = Automatic;
				DEVELOPMENT_TEAM = 8WY239C4VN;
				INFOPLIST_FILE = PantomineTests/Info.plist;
				IPHONEOS_DEPLOYMENT_TARGET = 14.2;
				LD_RUNPATH_SEARCH_PATHS = (
					"$(inherited)",
					"@executable_path/Frameworks",
					"@loader_path/Frameworks",
				);
				PRODUCT_BUNDLE_IDENTIFIER = berlark.PantomineTests;
				PRODUCT_NAME = "$(TARGET_NAME)";
				SWIFT_VERSION = 5.0;
				TARGETED_DEVICE_FAMILY = "1,2";
				TEST_HOST = "$(BUILT_PRODUCTS_DIR)/Pantomine.app/Pantomine";
			};
			name = Release;
		};
		F4DDD6A6261EDEAE007BFF4F /* Debug */ = {
			isa = XCBuildConfiguration;
			buildSettings = {
				ALWAYS_EMBED_SWIFT_STANDARD_LIBRARIES = YES;
				CODE_SIGN_STYLE = Automatic;
				DEVELOPMENT_TEAM = 8WY239C4VN;
				INFOPLIST_FILE = PantomineUITests/Info.plist;
				LD_RUNPATH_SEARCH_PATHS = (
					"$(inherited)",
					"@executable_path/Frameworks",
					"@loader_path/Frameworks",
				);
				PRODUCT_BUNDLE_IDENTIFIER = berlark.PantomineUITests;
				PRODUCT_NAME = "$(TARGET_NAME)";
				SWIFT_VERSION = 5.0;
				TARGETED_DEVICE_FAMILY = "1,2";
				TEST_TARGET_NAME = Pantomine;
			};
			name = Debug;
		};
		F4DDD6A7261EDEAE007BFF4F /* Release */ = {
			isa = XCBuildConfiguration;
			buildSettings = {
				ALWAYS_EMBED_SWIFT_STANDARD_LIBRARIES = YES;
				CODE_SIGN_STYLE = Automatic;
				DEVELOPMENT_TEAM = 8WY239C4VN;
				INFOPLIST_FILE = PantomineUITests/Info.plist;
				LD_RUNPATH_SEARCH_PATHS = (
					"$(inherited)",
					"@executable_path/Frameworks",
					"@loader_path/Frameworks",
				);
				PRODUCT_BUNDLE_IDENTIFIER = berlark.PantomineUITests;
				PRODUCT_NAME = "$(TARGET_NAME)";
				SWIFT_VERSION = 5.0;
				TARGETED_DEVICE_FAMILY = "1,2";
				TEST_TARGET_NAME = Pantomine;
			};
			name = Release;
		};
/* End XCBuildConfiguration section */

/* Begin XCConfigurationList section */
		F4DDD66D261EDEAB007BFF4F /* Build configuration list for PBXProject "Pantomine" */ = {
			isa = XCConfigurationList;
			buildConfigurations = (
				F4DDD69D261EDEAE007BFF4F /* Debug */,
				F4DDD69E261EDEAE007BFF4F /* Release */,
			);
			defaultConfigurationIsVisible = 0;
			defaultConfigurationName = Release;
		};
		F4DDD69F261EDEAE007BFF4F /* Build configuration list for PBXNativeTarget "Pantomine" */ = {
			isa = XCConfigurationList;
			buildConfigurations = (
				F4DDD6A0261EDEAE007BFF4F /* Debug */,
				F4DDD6A1261EDEAE007BFF4F /* Release */,
			);
			defaultConfigurationIsVisible = 0;
			defaultConfigurationName = Release;
		};
		F4DDD6A2261EDEAE007BFF4F /* Build configuration list for PBXNativeTarget "PantomineTests" */ = {
			isa = XCConfigurationList;
			buildConfigurations = (
				F4DDD6A3261EDEAE007BFF4F /* Debug */,
				F4DDD6A4261EDEAE007BFF4F /* Release */,
			);
			defaultConfigurationIsVisible = 0;
			defaultConfigurationName = Release;
		};
		F4DDD6A5261EDEAE007BFF4F /* Build configuration list for PBXNativeTarget "PantomineUITests" */ = {
			isa = XCConfigurationList;
			buildConfigurations = (
				F4DDD6A6261EDEAE007BFF4F /* Debug */,
				F4DDD6A7261EDEAE007BFF4F /* Release */,
			);
			defaultConfigurationIsVisible = 0;
			defaultConfigurationName = Release;
		};
/* End XCConfigurationList section */

/* Begin XCVersionGroup section */
		F4DDD67E261EDEAB007BFF4F /* Pantomine.xcdatamodeld */ = {
			isa = XCVersionGroup;
			children = (
				F4DDD67F261EDEAB007BFF4F /* Pantomine.xcdatamodel */,
			);
			currentVersion = F4DDD67F261EDEAB007BFF4F /* Pantomine.xcdatamodel */;
			path = Pantomine.xcdatamodeld;
			sourceTree = "<group>";
			versionGroupType = wrapper.xcdatamodel;
		};
/* End XCVersionGroup section */
	};
	rootObject = F4DDD66A261EDEAB007BFF4F /* Project object */;
}
